// !$*UTF8*$!
{
	archiveVersion = 1;
	classes = {
	};
	objectVersion = 46;
	objects = {

/* Begin PBXBuildFile section */
		1D60589F0D05DD5A006BFB54 /* Foundation.framework in Frameworks */ = {isa = PBXBuildFile; fileRef = 1D30AB110D05D00D00671497 /* Foundation.framework */; };
		1DF5F4E00D08C38300B7A737 /* UIKit.framework in Frameworks */ = {isa = PBXBuildFile; fileRef = 1DF5F4DF0D08C38300B7A737 /* UIKit.framework */; };
		288765FD0DF74451002DB57D /* CoreGraphics.framework in Frameworks */ = {isa = PBXBuildFile; fileRef = 288765FC0DF74451002DB57D /* CoreGraphics.framework */; };
		73ACB312191A78EE00AA0BEA /* CJSONDeserializer.m in Sources */ = {isa = PBXBuildFile; fileRef = 73ACB30C191A78EE00AA0BEA /* CJSONDeserializer.m */; };
		73ACB313191A78EE00AA0BEA /* CJSONSerializer.m in Sources */ = {isa = PBXBuildFile; fileRef = 73ACB30E191A78EE00AA0BEA /* CJSONSerializer.m */; };
		73ACB314191A78EE00AA0BEA /* NSDictionary_JSONExtensions.m in Sources */ = {isa = PBXBuildFile; fileRef = 73ACB311191A78EE00AA0BEA /* NSDictionary_JSONExtensions.m */; };
		73ACB315191A7EFD00AA0BEA /* libYAJLiOSDevice.a in Frameworks */ = {isa = PBXBuildFile; fileRef = 73ACB305191A785A00AA0BEA /* libYAJLiOSDevice.a */; settings = {ATTRIBUTES = (Required, ); }; };
		73ACB319191A820100AA0BEA /* twitter_public_timeline.json in Resources */ = {isa = PBXBuildFile; fileRef = B2457E8310A164A400BD3540 /* twitter_public_timeline.json */; };
		73ACB31A191A820100AA0BEA /* BenchmarkProgressViewController.xib in Resources */ = {isa = PBXBuildFile; fileRef = 874EC1AA13199457008A7C01 /* BenchmarkProgressViewController.xib */; };
		73ACB31C191A820100AA0BEA /* main.m in Sources */ = {isa = PBXBuildFile; fileRef = B213445110A0BA690001FE31 /* main.m */; };
		73ACB31D191A820100AA0BEA /* JBAppDelegate.m in Sources */ = {isa = PBXBuildFile; fileRef = B2457ECF10A1671E00BD3540 /* JBAppDelegate.m */; };
		73ACB31E191A820100AA0BEA /* JSONKit.m in Sources */ = {isa = PBXBuildFile; fileRef = B27498D9123C91F700A2A9E0 /* JSONKit.m */; settings = {COMPILER_FLAGS = "-fno-objc-arc"; }; };
		73ACB31F191A820100AA0BEA /* JBResultsViewController.m in Sources */ = {isa = PBXBuildFile; fileRef = B20294AE123C9D4500D64200 /* JBResultsViewController.m */; };
		73ACB321191A820100AA0BEA /* SBFullStatistics.m in Sources */ = {isa = PBXBuildFile; fileRef = BC8363B1123D8C2600E6F313 /* SBFullStatistics.m */; };
		73ACB322191A820100AA0BEA /* SBStatistics.m in Sources */ = {isa = PBXBuildFile; fileRef = BC8363B5123D8C2600E6F313 /* SBStatistics.m */; };
		73ACB323191A820100AA0BEA /* NSDictionary_JSONExtensions.m in Sources */ = {isa = PBXBuildFile; fileRef = 73ACB311191A78EE00AA0BEA /* NSDictionary_JSONExtensions.m */; };
		73ACB324191A820100AA0BEA /* CJSONSerializer.m in Sources */ = {isa = PBXBuildFile; fileRef = 73ACB30E191A78EE00AA0BEA /* CJSONSerializer.m */; };
		73ACB325191A820100AA0BEA /* CJSONDeserializer.m in Sources */ = {isa = PBXBuildFile; fileRef = 73ACB30C191A78EE00AA0BEA /* CJSONDeserializer.m */; };
		73ACB326191A820100AA0BEA /* BenchmarkTest.m in Sources */ = {isa = PBXBuildFile; fileRef = 874EBF7B131816BA008A7C01 /* BenchmarkTest.m */; };
		73ACB327191A820100AA0BEA /* JSONBenchmarkTest.m in Sources */ = {isa = PBXBuildFile; fileRef = 874EBFA713181ABF008A7C01 /* JSONBenchmarkTest.m */; };
		73ACB328191A820100AA0BEA /* NSObject+Introspection.m in Sources */ = {isa = PBXBuildFile; fileRef = 874EC0281319046F008A7C01 /* NSObject+Introspection.m */; };
		73ACB329191A820100AA0BEA /* BenchmarkProgressViewController.m in Sources */ = {isa = PBXBuildFile; fileRef = 874EC1A913199457008A7C01 /* BenchmarkProgressViewController.m */; };
		73ACB32A191A820100AA0BEA /* AppleBinaryPlistBenchmarkTest.m in Sources */ = {isa = PBXBuildFile; fileRef = 874EBFA413181A9A008A7C01 /* AppleBinaryPlistBenchmarkTest.m */; };
		73ACB32B191A820100AA0BEA /* AppleJSONBenchmarkTest.m in Sources */ = {isa = PBXBuildFile; fileRef = 874EC117131913C9008A7C01 /* AppleJSONBenchmarkTest.m */; };
		73ACB32C191A820100AA0BEA /* AppleXMLPlistBenchmarkTest.m in Sources */ = {isa = PBXBuildFile; fileRef = 874EC0C213191000008A7C01 /* AppleXMLPlistBenchmarkTest.m */; };
		73ACB32D191A820100AA0BEA /* TouchJSONBenchmarkTest.m in Sources */ = {isa = PBXBuildFile; fileRef = 874EC0F7131912AE008A7C01 /* TouchJSONBenchmarkTest.m */; };
		73ACB32E191A820100AA0BEA /* JSONKitBenchmarkTest.m in Sources */ = {isa = PBXBuildFile; fileRef = 874EBFA113181A87008A7C01 /* JSONKitBenchmarkTest.m */; };
		73ACB32F191A820100AA0BEA /* YAJLBenchmarkTest.m in Sources */ = {isa = PBXBuildFile; fileRef = 874EC0CD1319116A008A7C01 /* YAJLBenchmarkTest.m */; };
		73ACB332191A820100AA0BEA /* libYAJLiOSSimulator.a in Frameworks */ = {isa = PBXBuildFile; fileRef = 73ACB307191A785A00AA0BEA /* libYAJLiOSSimulator.a */; settings = {ATTRIBUTES = (Required, ); }; };
		73ACB333191A820100AA0BEA /* Foundation.framework in Frameworks */ = {isa = PBXBuildFile; fileRef = 1D30AB110D05D00D00671497 /* Foundation.framework */; };
		73ACB334191A820100AA0BEA /* UIKit.framework in Frameworks */ = {isa = PBXBuildFile; fileRef = 1DF5F4DF0D08C38300B7A737 /* UIKit.framework */; };
		73ACB335191A820100AA0BEA /* CoreGraphics.framework in Frameworks */ = {isa = PBXBuildFile; fileRef = 288765FC0DF74451002DB57D /* CoreGraphics.framework */; };
		73ACB33D191A9B7F00AA0BEA /* JBTestResult.m in Sources */ = {isa = PBXBuildFile; fileRef = 73ACB33C191A9B7F00AA0BEA /* JBTestResult.m */; };
		73ACB33E191A9B7F00AA0BEA /* JBTestResult.m in Sources */ = {isa = PBXBuildFile; fileRef = 73ACB33C191A9B7F00AA0BEA /* JBTestResult.m */; };
		870DAA93131C404B00CBEB8C /* AppleBinaryPlistBenchmarkTest.m in Sources */ = {isa = PBXBuildFile; fileRef = 874EBFA413181A9A008A7C01 /* AppleBinaryPlistBenchmarkTest.m */; };
		870DAA94131C404C00CBEB8C /* AppleJSONBenchmarkTest.m in Sources */ = {isa = PBXBuildFile; fileRef = 874EC117131913C9008A7C01 /* AppleJSONBenchmarkTest.m */; };
		870DAA95131C404C00CBEB8C /* AppleXMLPlistBenchmarkTest.m in Sources */ = {isa = PBXBuildFile; fileRef = 874EC0C213191000008A7C01 /* AppleXMLPlistBenchmarkTest.m */; };
		870DAA96131C404D00CBEB8C /* TouchJSONBenchmarkTest.m in Sources */ = {isa = PBXBuildFile; fileRef = 874EC0F7131912AE008A7C01 /* TouchJSONBenchmarkTest.m */; };
		870DAA97131C404E00CBEB8C /* JSONKitBenchmarkTest.m in Sources */ = {isa = PBXBuildFile; fileRef = 874EBFA113181A87008A7C01 /* JSONKitBenchmarkTest.m */; };
		870DAA98131C404E00CBEB8C /* YAJLBenchmarkTest.m in Sources */ = {isa = PBXBuildFile; fileRef = 874EC0CD1319116A008A7C01 /* YAJLBenchmarkTest.m */; };
		874EBF7C131816BA008A7C01 /* BenchmarkTest.m in Sources */ = {isa = PBXBuildFile; fileRef = 874EBF7B131816BA008A7C01 /* BenchmarkTest.m */; };
		874EBFA813181ABF008A7C01 /* JSONBenchmarkTest.m in Sources */ = {isa = PBXBuildFile; fileRef = 874EBFA713181ABF008A7C01 /* JSONBenchmarkTest.m */; };
		874EC0291319046F008A7C01 /* NSObject+Introspection.m in Sources */ = {isa = PBXBuildFile; fileRef = 874EC0281319046F008A7C01 /* NSObject+Introspection.m */; };
		874EC1AB13199457008A7C01 /* BenchmarkProgressViewController.m in Sources */ = {isa = PBXBuildFile; fileRef = 874EC1A913199457008A7C01 /* BenchmarkProgressViewController.m */; };
		874EC1AC13199457008A7C01 /* BenchmarkProgressViewController.xib in Resources */ = {isa = PBXBuildFile; fileRef = 874EC1AA13199457008A7C01 /* BenchmarkProgressViewController.xib */; };
		B20294AF123C9D4500D64200 /* JBResultsViewController.m in Sources */ = {isa = PBXBuildFile; fileRef = B20294AE123C9D4500D64200 /* JBResultsViewController.m */; };
		B213445410A0BA690001FE31 /* main.m in Sources */ = {isa = PBXBuildFile; fileRef = B213445110A0BA690001FE31 /* main.m */; };
		B2457E8410A164A400BD3540 /* twitter_public_timeline.json in Resources */ = {isa = PBXBuildFile; fileRef = B2457E8310A164A400BD3540 /* twitter_public_timeline.json */; };
		B2457ED010A1671E00BD3540 /* JBAppDelegate.m in Sources */ = {isa = PBXBuildFile; fileRef = B2457ECF10A1671E00BD3540 /* JBAppDelegate.m */; };
		B2749907123C91F700A2A9E0 /* JSONKit.m in Sources */ = {isa = PBXBuildFile; fileRef = B27498D9123C91F700A2A9E0 /* JSONKit.m */; settings = {COMPILER_FLAGS = "-fno-objc-arc"; }; };
		BC8363B7123D8C2600E6F313 /* SBFullStatistics.m in Sources */ = {isa = PBXBuildFile; fileRef = BC8363B1123D8C2600E6F313 /* SBFullStatistics.m */; };
		BC8363B9123D8C2600E6F313 /* SBStatistics.m in Sources */ = {isa = PBXBuildFile; fileRef = BC8363B5123D8C2600E6F313 /* SBStatistics.m */; };
/* End PBXBuildFile section */

/* Begin PBXContainerItemProxy section */
		73ACB304191A785A00AA0BEA /* PBXContainerItemProxy */ = {
			isa = PBXContainerItemProxy;
			containerPortal = B253884D11CF004500608889 /* YAJLiOS.xcodeproj */;
			proxyType = 2;
			remoteGlobalIDString = 0065977C11BEEF4000E89ABD;
			remoteInfo = "YAJLiOS (Device)";
		};
		73ACB306191A785A00AA0BEA /* PBXContainerItemProxy */ = {
			isa = PBXContainerItemProxy;
			containerPortal = B253884D11CF004500608889 /* YAJLiOS.xcodeproj */;
			proxyType = 2;
			remoteGlobalIDString = 006597AC11BEEF4800E89ABD;
			remoteInfo = "YAJLiOS (Simulator)";
		};
		73ACB308191A785A00AA0BEA /* PBXContainerItemProxy */ = {
			isa = PBXContainerItemProxy;
			containerPortal = B253884D11CF004500608889 /* YAJLiOS.xcodeproj */;
			proxyType = 2;
			remoteGlobalIDString = 006597EA11BEEF5400E89ABD;
			remoteInfo = Tests;
		};
/* End PBXContainerItemProxy section */

/* Begin PBXFileReference section */
		1D30AB110D05D00D00671497 /* Foundation.framework */ = {isa = PBXFileReference; lastKnownFileType = wrapper.framework; name = Foundation.framework; path = System/Library/Frameworks/Foundation.framework; sourceTree = SDKROOT; };
		1D6058910D05DD3D006BFB54 /* JSONBenchmarks.app */ = {isa = PBXFileReference; explicitFileType = wrapper.application; includeInIndex = 0; path = JSONBenchmarks.app; sourceTree = BUILT_PRODUCTS_DIR; };
		1DF5F4DF0D08C38300B7A737 /* UIKit.framework */ = {isa = PBXFileReference; lastKnownFileType = wrapper.framework; name = UIKit.framework; path = System/Library/Frameworks/UIKit.framework; sourceTree = SDKROOT; };
		288765FC0DF74451002DB57D /* CoreGraphics.framework */ = {isa = PBXFileReference; lastKnownFileType = wrapper.framework; name = CoreGraphics.framework; path = System/Library/Frameworks/CoreGraphics.framework; sourceTree = SDKROOT; };
		73ACB30B191A78EE00AA0BEA /* CJSONDeserializer.h */ = {isa = PBXFileReference; fileEncoding = 4; lastKnownFileType = sourcecode.c.h; path = CJSONDeserializer.h; sourceTree = "<group>"; };
		73ACB30C191A78EE00AA0BEA /* CJSONDeserializer.m */ = {isa = PBXFileReference; fileEncoding = 4; lastKnownFileType = sourcecode.c.objc; path = CJSONDeserializer.m; sourceTree = "<group>"; };
		73ACB30D191A78EE00AA0BEA /* CJSONSerializer.h */ = {isa = PBXFileReference; fileEncoding = 4; lastKnownFileType = sourcecode.c.h; path = CJSONSerializer.h; sourceTree = "<group>"; };
		73ACB30E191A78EE00AA0BEA /* CJSONSerializer.m */ = {isa = PBXFileReference; fileEncoding = 4; lastKnownFileType = sourcecode.c.objc; path = CJSONSerializer.m; sourceTree = "<group>"; };
		73ACB30F191A78EE00AA0BEA /* JSONRepresentation.h */ = {isa = PBXFileReference; fileEncoding = 4; lastKnownFileType = sourcecode.c.h; path = JSONRepresentation.h; sourceTree = "<group>"; };
		73ACB310191A78EE00AA0BEA /* NSDictionary_JSONExtensions.h */ = {isa = PBXFileReference; fileEncoding = 4; lastKnownFileType = sourcecode.c.h; path = NSDictionary_JSONExtensions.h; sourceTree = "<group>"; };
		73ACB311191A78EE00AA0BEA /* NSDictionary_JSONExtensions.m */ = {isa = PBXFileReference; fileEncoding = 4; lastKnownFileType = sourcecode.c.objc; path = NSDictionary_JSONExtensions.m; sourceTree = "<group>"; };
		73ACB339191A820100AA0BEA /* JSONBenchmarks copy.app */ = {isa = PBXFileReference; explicitFileType = wrapper.application; includeInIndex = 0; path = "JSONBenchmarks copy.app"; sourceTree = BUILT_PRODUCTS_DIR; };
		73ACB33A191A820100AA0BEA /* JSONBenchmarks copy-Info.plist */ = {isa = PBXFileReference; lastKnownFileType = text.plist.xml; name = "JSONBenchmarks copy-Info.plist"; path = "/Users/dde/Source/disposables/json-benchmarks/JSONBenchmarks copy-Info.plist"; sourceTree = "<absolute>"; };
		73ACB33B191A9B7F00AA0BEA /* JBTestResult.h */ = {isa = PBXFileReference; fileEncoding = 4; lastKnownFileType = sourcecode.c.h; path = JBTestResult.h; sourceTree = "<group>"; };
		73ACB33C191A9B7F00AA0BEA /* JBTestResult.m */ = {isa = PBXFileReference; fileEncoding = 4; lastKnownFileType = sourcecode.c.objc; path = JBTestResult.m; sourceTree = "<group>"; };
		874EBF7A131816BA008A7C01 /* BenchmarkTest.h */ = {isa = PBXFileReference; fileEncoding = 4; lastKnownFileType = sourcecode.c.h; path = BenchmarkTest.h; sourceTree = "<group>"; };
		874EBF7B131816BA008A7C01 /* BenchmarkTest.m */ = {isa = PBXFileReference; fileEncoding = 4; lastKnownFileType = sourcecode.c.objc; path = BenchmarkTest.m; sourceTree = "<group>"; };
		874EBFA013181A87008A7C01 /* JSONKitBenchmarkTest.h */ = {isa = PBXFileReference; fileEncoding = 4; lastKnownFileType = sourcecode.c.h; path = JSONKitBenchmarkTest.h; sourceTree = "<group>"; };
		874EBFA113181A87008A7C01 /* JSONKitBenchmarkTest.m */ = {isa = PBXFileReference; fileEncoding = 4; lastKnownFileType = sourcecode.c.objc; path = JSONKitBenchmarkTest.m; sourceTree = "<group>"; };
		874EBFA313181A9A008A7C01 /* AppleBinaryPlistBenchmarkTest.h */ = {isa = PBXFileReference; fileEncoding = 4; lastKnownFileType = sourcecode.c.h; path = AppleBinaryPlistBenchmarkTest.h; sourceTree = "<group>"; };
		874EBFA413181A9A008A7C01 /* AppleBinaryPlistBenchmarkTest.m */ = {isa = PBXFileReference; fileEncoding = 4; lastKnownFileType = sourcecode.c.objc; path = AppleBinaryPlistBenchmarkTest.m; sourceTree = "<group>"; };
		874EBFA613181ABF008A7C01 /* JSONBenchmarkTest.h */ = {isa = PBXFileReference; fileEncoding = 4; lastKnownFileType = sourcecode.c.h; path = JSONBenchmarkTest.h; sourceTree = "<group>"; };
		874EBFA713181ABF008A7C01 /* JSONBenchmarkTest.m */ = {isa = PBXFileReference; fileEncoding = 4; lastKnownFileType = sourcecode.c.objc; path = JSONBenchmarkTest.m; sourceTree = "<group>"; };
		874EC0271319046F008A7C01 /* NSObject+Introspection.h */ = {isa = PBXFileReference; fileEncoding = 4; lastKnownFileType = sourcecode.c.h; path = "NSObject+Introspection.h"; sourceTree = "<group>"; };
		874EC0281319046F008A7C01 /* NSObject+Introspection.m */ = {isa = PBXFileReference; fileEncoding = 4; lastKnownFileType = sourcecode.c.objc; path = "NSObject+Introspection.m"; sourceTree = "<group>"; };
		874EC0C113191000008A7C01 /* AppleXMLPlistBenchmarkTest.h */ = {isa = PBXFileReference; fileEncoding = 4; lastKnownFileType = sourcecode.c.h; path = AppleXMLPlistBenchmarkTest.h; sourceTree = "<group>"; };
		874EC0C213191000008A7C01 /* AppleXMLPlistBenchmarkTest.m */ = {isa = PBXFileReference; fileEncoding = 4; lastKnownFileType = sourcecode.c.objc; path = AppleXMLPlistBenchmarkTest.m; sourceTree = "<group>"; };
		874EC0CC1319116A008A7C01 /* YAJLBenchmarkTest.h */ = {isa = PBXFileReference; fileEncoding = 4; lastKnownFileType = sourcecode.c.h; path = YAJLBenchmarkTest.h; sourceTree = "<group>"; };
		874EC0CD1319116A008A7C01 /* YAJLBenchmarkTest.m */ = {isa = PBXFileReference; fileEncoding = 4; lastKnownFileType = sourcecode.c.objc; path = YAJLBenchmarkTest.m; sourceTree = "<group>"; };
		874EC0F6131912AE008A7C01 /* TouchJSONBenchmarkTest.h */ = {isa = PBXFileReference; fileEncoding = 4; lastKnownFileType = sourcecode.c.h; path = TouchJSONBenchmarkTest.h; sourceTree = "<group>"; };
		874EC0F7131912AE008A7C01 /* TouchJSONBenchmarkTest.m */ = {isa = PBXFileReference; fileEncoding = 4; lastKnownFileType = sourcecode.c.objc; path = TouchJSONBenchmarkTest.m; sourceTree = "<group>"; };
		874EC116131913C9008A7C01 /* AppleJSONBenchmarkTest.h */ = {isa = PBXFileReference; fileEncoding = 4; lastKnownFileType = sourcecode.c.h; path = AppleJSONBenchmarkTest.h; sourceTree = "<group>"; };
		874EC117131913C9008A7C01 /* AppleJSONBenchmarkTest.m */ = {isa = PBXFileReference; fileEncoding = 4; lastKnownFileType = sourcecode.c.objc; path = AppleJSONBenchmarkTest.m; sourceTree = "<group>"; };
		874EC1A813199457008A7C01 /* BenchmarkProgressViewController.h */ = {isa = PBXFileReference; fileEncoding = 4; lastKnownFileType = sourcecode.c.h; path = BenchmarkProgressViewController.h; sourceTree = "<group>"; };
		874EC1A913199457008A7C01 /* BenchmarkProgressViewController.m */ = {isa = PBXFileReference; fileEncoding = 4; lastKnownFileType = sourcecode.c.objc; path = BenchmarkProgressViewController.m; sourceTree = "<group>"; };
		874EC1AA13199457008A7C01 /* BenchmarkProgressViewController.xib */ = {isa = PBXFileReference; lastKnownFileType = file.xib; name = BenchmarkProgressViewController.xib; path = ../Classes/BenchmarkProgressViewController.xib; sourceTree = "<group>"; };
		B20294AD123C9D4500D64200 /* JBResultsViewController.h */ = {isa = PBXFileReference; fileEncoding = 4; lastKnownFileType = sourcecode.c.h; path = JBResultsViewController.h; sourceTree = "<group>"; };
		B20294AE123C9D4500D64200 /* JBResultsViewController.m */ = {isa = PBXFileReference; fileEncoding = 4; lastKnownFileType = sourcecode.c.objc; path = JBResultsViewController.m; sourceTree = "<group>"; };
		B213445010A0BA690001FE31 /* JSONBenchmarks_Prefix.pch */ = {isa = PBXFileReference; fileEncoding = 4; lastKnownFileType = sourcecode.c.h; path = JSONBenchmarks_Prefix.pch; sourceTree = "<group>"; };
		B213445110A0BA690001FE31 /* main.m */ = {isa = PBXFileReference; fileEncoding = 4; lastKnownFileType = sourcecode.c.objc; path = main.m; sourceTree = "<group>"; };
		B213445310A0BA690001FE31 /* JSONBenchmarks-Info.plist */ = {isa = PBXFileReference; fileEncoding = 4; lastKnownFileType = text.plist.xml; path = "JSONBenchmarks-Info.plist"; sourceTree = "<group>"; };
		B2457E8310A164A400BD3540 /* twitter_public_timeline.json */ = {isa = PBXFileReference; fileEncoding = 4; lastKnownFileType = text; path = twitter_public_timeline.json; sourceTree = "<group>"; };
		B2457ECE10A1671E00BD3540 /* JBAppDelegate.h */ = {isa = PBXFileReference; fileEncoding = 4; lastKnownFileType = sourcecode.c.h; path = JBAppDelegate.h; sourceTree = "<group>"; };
		B2457ECF10A1671E00BD3540 /* JBAppDelegate.m */ = {isa = PBXFileReference; fileEncoding = 4; lastKnownFileType = sourcecode.c.objc; path = JBAppDelegate.m; sourceTree = "<group>"; };
		B2457F0610A16A0800BD3540 /* JSON.framework */ = {isa = PBXFileReference; lastKnownFileType = wrapper.framework; name = JSON.framework; path = System/Library/PrivateFrameworks/JSON.framework; sourceTree = SDKROOT; };
		B253884D11CF004500608889 /* YAJLiOS.xcodeproj */ = {isa = PBXFileReference; lastKnownFileType = "wrapper.pb-project"; name = YAJLiOS.xcodeproj; path = "yajl-objc/Project-iOS/YAJLiOS.xcodeproj"; sourceTree = "<group>"; };
		B27498D8123C91F700A2A9E0 /* JSONKit.h */ = {isa = PBXFileReference; fileEncoding = 4; lastKnownFileType = sourcecode.c.h; path = JSONKit.h; sourceTree = "<group>"; };
		B27498D9123C91F700A2A9E0 /* JSONKit.m */ = {isa = PBXFileReference; fileEncoding = 4; lastKnownFileType = sourcecode.c.objc; path = JSONKit.m; sourceTree = "<group>"; };
		BC8363B1123D8C2600E6F313 /* SBFullStatistics.m */ = {isa = PBXFileReference; fileEncoding = 4; lastKnownFileType = sourcecode.c.objc; name = SBFullStatistics.m; path = Statistics/Classes/SBFullStatistics.m; sourceTree = "<group>"; };
		BC8363B4123D8C2600E6F313 /* SBStatistics.h */ = {isa = PBXFileReference; fileEncoding = 4; lastKnownFileType = sourcecode.c.h; name = SBStatistics.h; path = Statistics/Classes/SBStatistics.h; sourceTree = "<group>"; };
		BC8363B5123D8C2600E6F313 /* SBStatistics.m */ = {isa = PBXFileReference; fileEncoding = 4; lastKnownFileType = sourcecode.c.objc; name = SBStatistics.m; path = Statistics/Classes/SBStatistics.m; sourceTree = "<group>"; };
/* End PBXFileReference section */

/* Begin PBXFrameworksBuildPhase section */
		1D60588F0D05DD3D006BFB54 /* Frameworks */ = {
			isa = PBXFrameworksBuildPhase;
			buildActionMask = 2147483647;
			files = (
				73ACB315191A7EFD00AA0BEA /* libYAJLiOSDevice.a in Frameworks */,
				1D60589F0D05DD5A006BFB54 /* Foundation.framework in Frameworks */,
				1DF5F4E00D08C38300B7A737 /* UIKit.framework in Frameworks */,
				288765FD0DF74451002DB57D /* CoreGraphics.framework in Frameworks */,
			);
			runOnlyForDeploymentPostprocessing = 0;
		};
		73ACB330191A820100AA0BEA /* Frameworks */ = {
			isa = PBXFrameworksBuildPhase;
			buildActionMask = 2147483647;
			files = (
				73ACB332191A820100AA0BEA /* libYAJLiOSSimulator.a in Frameworks */,
				73ACB333191A820100AA0BEA /* Foundation.framework in Frameworks */,
				73ACB334191A820100AA0BEA /* UIKit.framework in Frameworks */,
				73ACB335191A820100AA0BEA /* CoreGraphics.framework in Frameworks */,
			);
			runOnlyForDeploymentPostprocessing = 0;
		};
/* End PBXFrameworksBuildPhase section */

/* Begin PBXGroup section */
		080E96DDFE201D6D7F000001 /* Classes */ = {
			isa = PBXGroup;
			children = (
				874EC1A71319941D008A7C01 /* ViewControllers */,
				874EC02613190437008A7C01 /* Helpers */,
				874EBF79131816AA008A7C01 /* BenchmarkTests */,
				B2457ECE10A1671E00BD3540 /* JBAppDelegate.h */,
				B2457ECF10A1671E00BD3540 /* JBAppDelegate.m */,
				B2457E8510A164A800BD3540 /* Vendor */,
			);
			path = Classes;
			sourceTree = "<group>";
		};
		19C28FACFE9D520D11CA2CBB /* Products */ = {
			isa = PBXGroup;
			children = (
				1D6058910D05DD3D006BFB54 /* JSONBenchmarks.app */,
				73ACB339191A820100AA0BEA /* JSONBenchmarks copy.app */,
			);
			name = Products;
			sourceTree = "<group>";
		};
		29B97314FDCFA39411CA2CEA /* CustomTemplate */ = {
			isa = PBXGroup;
			children = (
				080E96DDFE201D6D7F000001 /* Classes */,
				B213444F10A0BA690001FE31 /* Other Sources */,
				B213445210A0BA690001FE31 /* Resources */,
				29B97323FDCFA39411CA2CEA /* Frameworks */,
				19C28FACFE9D520D11CA2CBB /* Products */,
				73ACB33A191A820100AA0BEA /* JSONBenchmarks copy-Info.plist */,
			);
			name = CustomTemplate;
			sourceTree = "<group>";
		};
		29B97323FDCFA39411CA2CEA /* Frameworks */ = {
			isa = PBXGroup;
			children = (
				B2457F0610A16A0800BD3540 /* JSON.framework */,
				1DF5F4DF0D08C38300B7A737 /* UIKit.framework */,
				1D30AB110D05D00D00671497 /* Foundation.framework */,
				288765FC0DF74451002DB57D /* CoreGraphics.framework */,
			);
			name = Frameworks;
			sourceTree = "<group>";
		};
		73ACB2FE191A785A00AA0BEA /* Products */ = {
			isa = PBXGroup;
			children = (
				73ACB305191A785A00AA0BEA /* libYAJLiOSDevice.a */,
				73ACB307191A785A00AA0BEA /* libYAJLiOSSimulator.a */,
				73ACB309191A785A00AA0BEA /* Tests.app */,
			);
			name = Products;
			sourceTree = "<group>";
		};
		73ACB30A191A78EE00AA0BEA /* Source */ = {
			isa = PBXGroup;
			children = (
				73ACB30B191A78EE00AA0BEA /* CJSONDeserializer.h */,
				73ACB30C191A78EE00AA0BEA /* CJSONDeserializer.m */,
				73ACB30D191A78EE00AA0BEA /* CJSONSerializer.h */,
				73ACB30E191A78EE00AA0BEA /* CJSONSerializer.m */,
				73ACB30F191A78EE00AA0BEA /* JSONRepresentation.h */,
				73ACB310191A78EE00AA0BEA /* NSDictionary_JSONExtensions.h */,
				73ACB311191A78EE00AA0BEA /* NSDictionary_JSONExtensions.m */,
			);
			path = Source;
			sourceTree = "<group>";
		};
		874EBF79131816AA008A7C01 /* BenchmarkTests */ = {
			isa = PBXGroup;
			children = (
				874EC09F13190CE3008A7C01 /* TestImplementations */,
				874EBF7A131816BA008A7C01 /* BenchmarkTest.h */,
				874EBF7B131816BA008A7C01 /* BenchmarkTest.m */,
				874EBFA613181ABF008A7C01 /* JSONBenchmarkTest.h */,
				874EBFA713181ABF008A7C01 /* JSONBenchmarkTest.m */,
				73ACB33B191A9B7F00AA0BEA /* JBTestResult.h */,
				73ACB33C191A9B7F00AA0BEA /* JBTestResult.m */,
			);
			name = BenchmarkTests;
			sourceTree = "<group>";
		};
		874EC02613190437008A7C01 /* Helpers */ = {
			isa = PBXGroup;
			children = (
				874EC0271319046F008A7C01 /* NSObject+Introspection.h */,
				874EC0281319046F008A7C01 /* NSObject+Introspection.m */,
			);
			name = Helpers;
			sourceTree = "<group>";
		};
		874EC09F13190CE3008A7C01 /* TestImplementations */ = {
			isa = PBXGroup;
			children = (
				874EBFA013181A87008A7C01 /* JSONKitBenchmarkTest.h */,
				874EBFA113181A87008A7C01 /* JSONKitBenchmarkTest.m */,
				874EBFA313181A9A008A7C01 /* AppleBinaryPlistBenchmarkTest.h */,
				874EBFA413181A9A008A7C01 /* AppleBinaryPlistBenchmarkTest.m */,
				874EC0C113191000008A7C01 /* AppleXMLPlistBenchmarkTest.h */,
				874EC0C213191000008A7C01 /* AppleXMLPlistBenchmarkTest.m */,
				874EC0CC1319116A008A7C01 /* YAJLBenchmarkTest.h */,
				874EC0CD1319116A008A7C01 /* YAJLBenchmarkTest.m */,
				874EC0F6131912AE008A7C01 /* TouchJSONBenchmarkTest.h */,
				874EC0F7131912AE008A7C01 /* TouchJSONBenchmarkTest.m */,
				874EC116131913C9008A7C01 /* AppleJSONBenchmarkTest.h */,
				874EC117131913C9008A7C01 /* AppleJSONBenchmarkTest.m */,
			);
			name = TestImplementations;
			sourceTree = "<group>";
		};
		874EC1A71319941D008A7C01 /* ViewControllers */ = {
			isa = PBXGroup;
			children = (
				B20294AD123C9D4500D64200 /* JBResultsViewController.h */,
				B20294AE123C9D4500D64200 /* JBResultsViewController.m */,
				874EC1A813199457008A7C01 /* BenchmarkProgressViewController.h */,
				874EC1A913199457008A7C01 /* BenchmarkProgressViewController.m */,
			);
			name = ViewControllers;
			sourceTree = "<group>";
		};
		B213444F10A0BA690001FE31 /* Other Sources */ = {
			isa = PBXGroup;
			children = (
				B213445010A0BA690001FE31 /* JSONBenchmarks_Prefix.pch */,
				B213445110A0BA690001FE31 /* main.m */,
			);
			path = "Other Sources";
			sourceTree = "<group>";
		};
		B213445210A0BA690001FE31 /* Resources */ = {
			isa = PBXGroup;
			children = (
				B2457E8310A164A400BD3540 /* twitter_public_timeline.json */,
				B213445310A0BA690001FE31 /* JSONBenchmarks-Info.plist */,
				874EC1AA13199457008A7C01 /* BenchmarkProgressViewController.xib */,
			);
			path = Resources;
			sourceTree = "<group>";
		};
		B2457E8510A164A800BD3540 /* Vendor */ = {
			isa = PBXGroup;
			children = (
				BC8363BA123D8C2E00E6F313 /* Statistics */,
				B2749885123C91F700A2A9E0 /* JSONKit */,
				B274976F123C91E000A2A9E0 /* TouchJSON */,
				B253884D11CF004500608889 /* YAJLiOS.xcodeproj */,
			);
			path = Vendor;
			sourceTree = "<group>";
		};
		B274976F123C91E000A2A9E0 /* TouchJSON */ = {
			isa = PBXGroup;
			children = (
				73ACB30A191A78EE00AA0BEA /* Source */,
			);
			path = TouchJSON;
			sourceTree = "<group>";
		};
		B2749885123C91F700A2A9E0 /* JSONKit */ = {
			isa = PBXGroup;
			children = (
				B27498D8123C91F700A2A9E0 /* JSONKit.h */,
				B27498D9123C91F700A2A9E0 /* JSONKit.m */,
			);
			path = JSONKit;
			sourceTree = "<group>";
		};
		BC8363BA123D8C2E00E6F313 /* Statistics */ = {
			isa = PBXGroup;
			children = (
				BC8363B1123D8C2600E6F313 /* SBFullStatistics.m */,
				BC8363B4123D8C2600E6F313 /* SBStatistics.h */,
				BC8363B5123D8C2600E6F313 /* SBStatistics.m */,
			);
			name = Statistics;
			sourceTree = "<group>";
		};
/* End PBXGroup section */

/* Begin PBXNativeTarget section */
		1D6058900D05DD3D006BFB54 /* JSONBenchmarks Device */ = {
			isa = PBXNativeTarget;
			buildConfigurationList = 1D6058960D05DD3E006BFB54 /* Build configuration list for PBXNativeTarget "JSONBenchmarks Device" */;
			buildPhases = (
				1D60588D0D05DD3D006BFB54 /* Resources */,
				1D60588E0D05DD3D006BFB54 /* Sources */,
				1D60588F0D05DD3D006BFB54 /* Frameworks */,
			);
			buildRules = (
			);
			dependencies = (
			);
			name = "JSONBenchmarks Device";
			productName = JSONBenchmarks;
			productReference = 1D6058910D05DD3D006BFB54 /* JSONBenchmarks.app */;
			productType = "com.apple.product-type.application";
		};
		73ACB317191A820100AA0BEA /* JSONBenchmarks Simulator */ = {
			isa = PBXNativeTarget;
			buildConfigurationList = 73ACB336191A820100AA0BEA /* Build configuration list for PBXNativeTarget "JSONBenchmarks Simulator" */;
			buildPhases = (
				73ACB318191A820100AA0BEA /* Resources */,
				73ACB31B191A820100AA0BEA /* Sources */,
				73ACB330191A820100AA0BEA /* Frameworks */,
			);
			buildRules = (
			);
			dependencies = (
			);
			name = "JSONBenchmarks Simulator";
			productName = JSONBenchmarks;
			productReference = 73ACB339191A820100AA0BEA /* JSONBenchmarks copy.app */;
			productType = "com.apple.product-type.application";
		};
/* End PBXNativeTarget section */

/* Begin PBXProject section */
		29B97313FDCFA39411CA2CEA /* Project object */ = {
			isa = PBXProject;
			attributes = {
				LastUpgradeCheck = 0510;
				ORGANIZATIONNAME = "Sam Soffes";
			};
			buildConfigurationList = C01FCF4E08A954540054247B /* Build configuration list for PBXProject "JSONBenchmarks" */;
			compatibilityVersion = "Xcode 3.2";
			developmentRegion = English;
			hasScannedForEncodings = 1;
			knownRegions = (
				English,
				Japanese,
				French,
				German,
			);
			mainGroup = 29B97314FDCFA39411CA2CEA /* CustomTemplate */;
			projectDirPath = "";
			projectReferences = (
				{
					ProductGroup = 73ACB2FE191A785A00AA0BEA /* Products */;
					ProjectRef = B253884D11CF004500608889 /* YAJLiOS.xcodeproj */;
				},
			);
			projectRoot = "";
			targets = (
				1D6058900D05DD3D006BFB54 /* JSONBenchmarks Device */,
				73ACB317191A820100AA0BEA /* JSONBenchmarks Simulator */,
			);
		};
/* End PBXProject section */

/* Begin PBXReferenceProxy section */
		73ACB305191A785A00AA0BEA /* libYAJLiOSDevice.a */ = {
			isa = PBXReferenceProxy;
			fileType = archive.ar;
			path = libYAJLiOSDevice.a;
			remoteRef = 73ACB304191A785A00AA0BEA /* PBXContainerItemProxy */;
			sourceTree = BUILT_PRODUCTS_DIR;
		};
		73ACB307191A785A00AA0BEA /* libYAJLiOSSimulator.a */ = {
			isa = PBXReferenceProxy;
			fileType = archive.ar;
			path = libYAJLiOSSimulator.a;
			remoteRef = 73ACB306191A785A00AA0BEA /* PBXContainerItemProxy */;
			sourceTree = BUILT_PRODUCTS_DIR;
		};
		73ACB309191A785A00AA0BEA /* Tests.app */ = {
			isa = PBXReferenceProxy;
			fileType = wrapper.application;
			path = Tests.app;
			remoteRef = 73ACB308191A785A00AA0BEA /* PBXContainerItemProxy */;
			sourceTree = BUILT_PRODUCTS_DIR;
		};
/* End PBXReferenceProxy section */

/* Begin PBXResourcesBuildPhase section */
		1D60588D0D05DD3D006BFB54 /* Resources */ = {
			isa = PBXResourcesBuildPhase;
			buildActionMask = 2147483647;
			files = (
				B2457E8410A164A400BD3540 /* twitter_public_timeline.json in Resources */,
				874EC1AC13199457008A7C01 /* BenchmarkProgressViewController.xib in Resources */,
			);
			runOnlyForDeploymentPostprocessing = 0;
		};
		73ACB318191A820100AA0BEA /* Resources */ = {
			isa = PBXResourcesBuildPhase;
			buildActionMask = 2147483647;
			files = (
				73ACB319191A820100AA0BEA /* twitter_public_timeline.json in Resources */,
				73ACB31A191A820100AA0BEA /* BenchmarkProgressViewController.xib in Resources */,
			);
			runOnlyForDeploymentPostprocessing = 0;
		};
/* End PBXResourcesBuildPhase section */

/* Begin PBXSourcesBuildPhase section */
		1D60588E0D05DD3D006BFB54 /* Sources */ = {
			isa = PBXSourcesBuildPhase;
			buildActionMask = 2147483647;
			files = (
				B213445410A0BA690001FE31 /* main.m in Sources */,
				B2457ED010A1671E00BD3540 /* JBAppDelegate.m in Sources */,
				B2749907123C91F700A2A9E0 /* JSONKit.m in Sources */,
				B20294AF123C9D4500D64200 /* JBResultsViewController.m in Sources */,
				BC8363B7123D8C2600E6F313 /* SBFullStatistics.m in Sources */,
				BC8363B9123D8C2600E6F313 /* SBStatistics.m in Sources */,
				73ACB314191A78EE00AA0BEA /* NSDictionary_JSONExtensions.m in Sources */,
				73ACB313191A78EE00AA0BEA /* CJSONSerializer.m in Sources */,
				73ACB312191A78EE00AA0BEA /* CJSONDeserializer.m in Sources */,
				874EBF7C131816BA008A7C01 /* BenchmarkTest.m in Sources */,
				874EBFA813181ABF008A7C01 /* JSONBenchmarkTest.m in Sources */,
				874EC0291319046F008A7C01 /* NSObject+Introspection.m in Sources */,
				874EC1AB13199457008A7C01 /* BenchmarkProgressViewController.m in Sources */,
				870DAA93131C404B00CBEB8C /* AppleBinaryPlistBenchmarkTest.m in Sources */,
				870DAA94131C404C00CBEB8C /* AppleJSONBenchmarkTest.m in Sources */,
				870DAA95131C404C00CBEB8C /* AppleXMLPlistBenchmarkTest.m in Sources */,
				73ACB33D191A9B7F00AA0BEA /* JBTestResult.m in Sources */,
				870DAA96131C404D00CBEB8C /* TouchJSONBenchmarkTest.m in Sources */,
				870DAA97131C404E00CBEB8C /* JSONKitBenchmarkTest.m in Sources */,
				870DAA98131C404E00CBEB8C /* YAJLBenchmarkTest.m in Sources */,
			);
			runOnlyForDeploymentPostprocessing = 0;
		};
		73ACB31B191A820100AA0BEA /* Sources */ = {
			isa = PBXSourcesBuildPhase;
			buildActionMask = 2147483647;
			files = (
				73ACB31C191A820100AA0BEA /* main.m in Sources */,
				73ACB31D191A820100AA0BEA /* JBAppDelegate.m in Sources */,
				73ACB31E191A820100AA0BEA /* JSONKit.m in Sources */,
				73ACB31F191A820100AA0BEA /* JBResultsViewController.m in Sources */,
				73ACB321191A820100AA0BEA /* SBFullStatistics.m in Sources */,
				73ACB322191A820100AA0BEA /* SBStatistics.m in Sources */,
				73ACB323191A820100AA0BEA /* NSDictionary_JSONExtensions.m in Sources */,
				73ACB324191A820100AA0BEA /* CJSONSerializer.m in Sources */,
				73ACB325191A820100AA0BEA /* CJSONDeserializer.m in Sources */,
				73ACB326191A820100AA0BEA /* BenchmarkTest.m in Sources */,
				73ACB327191A820100AA0BEA /* JSONBenchmarkTest.m in Sources */,
				73ACB328191A820100AA0BEA /* NSObject+Introspection.m in Sources */,
				73ACB329191A820100AA0BEA /* BenchmarkProgressViewController.m in Sources */,
				73ACB32A191A820100AA0BEA /* AppleBinaryPlistBenchmarkTest.m in Sources */,
				73ACB32B191A820100AA0BEA /* AppleJSONBenchmarkTest.m in Sources */,
				73ACB32C191A820100AA0BEA /* AppleXMLPlistBenchmarkTest.m in Sources */,
				73ACB33E191A9B7F00AA0BEA /* JBTestResult.m in Sources */,
				73ACB32D191A820100AA0BEA /* TouchJSONBenchmarkTest.m in Sources */,
				73ACB32E191A820100AA0BEA /* JSONKitBenchmarkTest.m in Sources */,
				73ACB32F191A820100AA0BEA /* YAJLBenchmarkTest.m in Sources */,
			);
			runOnlyForDeploymentPostprocessing = 0;
		};
/* End PBXSourcesBuildPhase section */

/* Begin XCBuildConfiguration section */
		1D6058940D05DD3E006BFB54 /* Debug */ = {
			isa = XCBuildConfiguration;
			buildSettings = {
				ALWAYS_SEARCH_USER_PATHS = NO;
				ARCHS = "$(ARCHS_STANDARD)";
				COPY_PHASE_STRIP = NO;
				FRAMEWORK_SEARCH_PATHS = (
					"$(inherited)",
					"\"$(SDKROOT)$(SYSTEM_LIBRARY_DIR)/PrivateFrameworks\"",
				);
				GCC_DYNAMIC_NO_PIC = NO;
				GCC_OPTIMIZATION_LEVEL = 0;
				GCC_PRECOMPILE_PREFIX_HEADER = YES;
				GCC_PREFIX_HEADER = "Other Sources/JSONBenchmarks_Prefix.pch";
				HEADER_SEARCH_PATHS = "Classes/Vendor/yajl-objc/**";
				INFOPLIST_FILE = "Resources/JSONBenchmarks-Info.plist";
				LIBRARY_SEARCH_PATHS = "$(inherited)";
				OTHER_LDFLAGS = (
					"-ObjC",
					"-all_load",
				);
				PRODUCT_NAME = JSONBenchmarks;
				SDKROOT = iphoneos;
				SUPPORTED_PLATFORMS = iphoneos;
				TARGETED_DEVICE_FAMILY = "1,2";
			};
			name = Debug;
		};
		1D6058950D05DD3E006BFB54 /* Release */ = {
			isa = XCBuildConfiguration;
			buildSettings = {
				ALWAYS_SEARCH_USER_PATHS = NO;
				ARCHS = "$(ARCHS_STANDARD)";
				COPY_PHASE_STRIP = YES;
				FRAMEWORK_SEARCH_PATHS = (
					"$(inherited)",
					"\"$(SDKROOT)$(SYSTEM_LIBRARY_DIR)/PrivateFrameworks\"",
				);
				GCC_PRECOMPILE_PREFIX_HEADER = YES;
				GCC_PREFIX_HEADER = "Other Sources/JSONBenchmarks_Prefix.pch";
				HEADER_SEARCH_PATHS = "Classes/Vendor/yajl-objc/**";
				INFOPLIST_FILE = "Resources/JSONBenchmarks-Info.plist";
				LIBRARY_SEARCH_PATHS = "$(inherited)";
				OTHER_LDFLAGS = (
					"-ObjC",
					"-all_load",
				);
				PRODUCT_NAME = JSONBenchmarks;
				SDKROOT = iphoneos;
				SUPPORTED_PLATFORMS = iphoneos;
				TARGETED_DEVICE_FAMILY = "1,2";
			};
			name = Release;
		};
		73ACB337191A820100AA0BEA /* Debug */ = {
			isa = XCBuildConfiguration;
			buildSettings = {
				ALWAYS_SEARCH_USER_PATHS = NO;
				ARCHS = "$(ARCHS_STANDARD)";
				COPY_PHASE_STRIP = NO;
				FRAMEWORK_SEARCH_PATHS = (
					"$(inherited)",
					"\"$(SDKROOT)$(SYSTEM_LIBRARY_DIR)/PrivateFrameworks\"",
				);
				GCC_DYNAMIC_NO_PIC = NO;
				GCC_OPTIMIZATION_LEVEL = 0;
				GCC_PRECOMPILE_PREFIX_HEADER = YES;
				GCC_PREFIX_HEADER = "Other Sources/JSONBenchmarks_Prefix.pch";
				HEADER_SEARCH_PATHS = "Classes/Vendor/yajl-objc/**";
				INFOPLIST_FILE = "JSONBenchmarks copy-Info.plist";
				LIBRARY_SEARCH_PATHS = "$(inherited)";
				OTHER_LDFLAGS = (
					"-ObjC",
					"-all_load",
				);
				PRODUCT_NAME = "JSONBenchmarks copy";
				SDKROOT = iphoneos;
				SUPPORTED_PLATFORMS = iphonesimulator;
				TARGETED_DEVICE_FAMILY = "1,2";
			};
			name = Debug;
		};
		73ACB338191A820100AA0BEA /* Release */ = {
			isa = XCBuildConfiguration;
			buildSettings = {
				ALWAYS_SEARCH_USER_PATHS = NO;
				ARCHS = "$(ARCHS_STANDARD)";
				COPY_PHASE_STRIP = YES;
				FRAMEWORK_SEARCH_PATHS = (
					"$(inherited)",
					"\"$(SDKROOT)$(SYSTEM_LIBRARY_DIR)/PrivateFrameworks\"",
				);
				GCC_PRECOMPILE_PREFIX_HEADER = YES;
				GCC_PREFIX_HEADER = "Other Sources/JSONBenchmarks_Prefix.pch";
				HEADER_SEARCH_PATHS = "Classes/Vendor/yajl-objc/**";
				INFOPLIST_FILE = "JSONBenchmarks copy-Info.plist";
				LIBRARY_SEARCH_PATHS = "$(inherited)";
				OTHER_LDFLAGS = (
					"-ObjC",
					"-all_load",
				);
				PRODUCT_NAME = "JSONBenchmarks copy";
				SDKROOT = iphoneos;
				SUPPORTED_PLATFORMS = iphonesimulator;
				TARGETED_DEVICE_FAMILY = "1,2";
			};
			name = Release;
		};
		C01FCF4F08A954540054247B /* Debug */ = {
			isa = XCBuildConfiguration;
			buildSettings = {
				CLANG_ENABLE_OBJC_ARC = YES;
				"CODE_SIGN_IDENTITY[sdk=iphoneos*]" = "iPhone Developer";
				GCC_C_LANGUAGE_STANDARD = c99;
				GCC_WARN_ABOUT_RETURN_TYPE = YES;
				GCC_WARN_UNUSED_VARIABLE = YES;
				PREBINDING = NO;
				SDKROOT = iphoneos;
			};
			name = Debug;
		};
		C01FCF5008A954540054247B /* Release */ = {
			isa = XCBuildConfiguration;
			buildSettings = {
				CLANG_ENABLE_OBJC_ARC = YES;
				"CODE_SIGN_IDENTITY[sdk=iphoneos*]" = "iPhone Developer";
				GCC_C_LANGUAGE_STANDARD = c99;
				GCC_WARN_ABOUT_RETURN_TYPE = YES;
				GCC_WARN_UNUSED_VARIABLE = YES;
				PREBINDING = NO;
				SDKROOT = iphoneos;
			};
			name = Release;
		};
/* End XCBuildConfiguration section */

/* Begin XCConfigurationList section */
		1D6058960D05DD3E006BFB54 /* Build configuration list for PBXNativeTarget "JSONBenchmarks Device" */ = {
			isa = XCConfigurationList;
			buildConfigurations = (
				1D6058940D05DD3E006BFB54 /* Debug */,
				1D6058950D05DD3E006BFB54 /* Release */,
			);
			defaultConfigurationIsVisible = 0;
			defaultConfigurationName = Release;
		};
		73ACB336191A820100AA0BEA /* Build configuration list for PBXNativeTarget "JSONBenchmarks Simulator" */ = {
			isa = XCConfigurationList;
			buildConfigurations = (
				73ACB337191A820100AA0BEA /* Debug */,
				73ACB338191A820100AA0BEA /* Release */,
			);
			defaultConfigurationIsVisible = 0;
			defaultConfigurationName = Release;
		};
		C01FCF4E08A954540054247B /* Build configuration list for PBXProject "JSONBenchmarks" */ = {
			isa = XCConfigurationList;
			buildConfigurations = (
				C01FCF4F08A954540054247B /* Debug */,
				C01FCF5008A954540054247B /* Release */,
			);
			defaultConfigurationIsVisible = 0;
			defaultConfigurationName = Release;
		};
/* End XCConfigurationList section */
	};
	rootObject = 29B97313FDCFA39411CA2CEA /* Project object */;
}
